
Microsoft Visual Studio Solution File, Format Version 12.00
# Visual Studio 15
VisualStudioVersion = 15.0.28307.489
MinimumVisualStudioVersion = 10.0.40219.1
Project("{2150E333-8FDC-42A3-9474-1A3956D46DE8}") = "Solution Items", "Solution Items", "{D66B7687-681C-4E5D-8820-60871D36CA62}"
	ProjectSection(SolutionItems) = preProject
		README.md = README.md
	EndProjectSection
EndProject
Project("{9A19103F-16F7-4668-BE54-9A1E7A4F7556}") = "CQRS.Abstractions", "src\CQRS.Abstractions\CQRS.Abstractions.csproj", "{E3BC8E4F-AE5F-4D83-96D8-4935ADC514C9}"
EndProject
Project("{FAE04EC0-301F-11D3-BF4B-00C04F79EFBC}") = "CQRS.Abstractions.Models", "src\CQRS.Abstractions.Models\CQRS.Abstractions.Models.csproj", "{1CFA8DA2-0A79-41FE-BFC0-0216789C528D}"
EndProject
Project("{FAE04EC0-301F-11D3-BF4B-00C04F79EFBC}") = "CQRS.Models", "src\CQRS.Models\CQRS.Models.csproj", "{3FB23A0B-B62C-4083-ADC7-47171ECA33E7}"
EndProject
Project("{FAE04EC0-301F-11D3-BF4B-00C04F79EFBC}") = "CQRS.Implementation", "src\CQRS.Implementation\CQRS.Implementation.csproj", "{479D0848-49A6-4C3B-A409-880D90815876}"
EndProject
Global
	GlobalSection(SolutionConfigurationPlatforms) = preSolution
		Debug|Any CPU = Debug|Any CPU
		Release|Any CPU = Release|Any CPU
	EndGlobalSection
	GlobalSection(ProjectConfigurationPlatforms) = postSolution
		{E3BC8E4F-AE5F-4D83-96D8-4935ADC514C9}.Debug|Any CPU.ActiveCfg = Debug|Any CPU
		{E3BC8E4F-AE5F-4D83-96D8-4935ADC514C9}.Debug|Any CPU.Build.0 = Debug|Any CPU
		{E3BC8E4F-AE5F-4D83-96D8-4935ADC514C9}.Release|Any CPU.ActiveCfg = Release|Any CPU
		{E3BC8E4F-AE5F-4D83-96D8-4935ADC514C9}.Release|Any CPU.Build.0 = Release|Any CPU
		{1CFA8DA2-0A79-41FE-BFC0-0216789C528D}.Debug|Any CPU.ActiveCfg = Debug|Any CPU
		{1CFA8DA2-0A79-41FE-BFC0-0216789C528D}.Debug|Any CPU.Build.0 = Debug|Any CPU
		{1CFA8DA2-0A79-41FE-BFC0-0216789C528D}.Release|Any CPU.ActiveCfg = Release|Any CPU
		{1CFA8DA2-0A79-41FE-BFC0-0216789C528D}.Release|Any CPU.Build.0 = Release|Any CPU
		{3FB23A0B-B62C-4083-ADC7-47171ECA33E7}.Debug|Any CPU.ActiveCfg = Debug|Any CPU
		{3FB23A0B-B62C-4083-ADC7-47171ECA33E7}.Debug|Any CPU.Build.0 = Debug|Any CPU
		{3FB23A0B-B62C-4083-ADC7-47171ECA33E7}.Release|Any CPU.ActiveCfg = Release|Any CPU
		{3FB23A0B-B62C-4083-ADC7-47171ECA33E7}.Release|Any CPU.Build.0 = Release|Any CPU
		{479D0848-49A6-4C3B-A409-880D90815876}.Debug|Any CPU.ActiveCfg = Debug|Any CPU
		{479D0848-49A6-4C3B-A409-880D90815876}.Debug|Any CPU.Build.0 = Debug|Any CPU
		{479D0848-49A6-4C3B-A409-880D90815876}.Release|Any CPU.ActiveCfg = Release|Any CPU
		{479D0848-49A6-4C3B-A409-880D90815876}.Release|Any CPU.Build.0 = Release|Any CPU
	EndGlobalSection
	GlobalSection(SolutionProperties) = preSolution
		HideSolutionNode = FALSE
	EndGlobalSection
	GlobalSection(ExtensibilityGlobals) = postSolution
		SolutionGuid = {0A16E61E-81F6-4B58-80BB-8DBFCD61AC3A}
	EndGlobalSection
EndGlobal
